// !$*UTF8*$!
{
	archiveVersion = 1;
	classes = {
	};
	objectVersion = 50;
	objects = {

/* Begin PBXBuildFile section */
		682AB6DE2276BA9B0063000D /* AppDelegate.swift in Sources */ = {isa = PBXBuildFile; fileRef = 682AB6DD2276BA9B0063000D /* AppDelegate.swift */; };
		682AB6E02276BA9B0063000D /* DocumentBrowserViewController.swift in Sources */ = {isa = PBXBuildFile; fileRef = 682AB6DF2276BA9B0063000D /* DocumentBrowserViewController.swift */; };
		682AB6E22276BA9B0063000D /* DocumentViewController.swift in Sources */ = {isa = PBXBuildFile; fileRef = 682AB6E12276BA9B0063000D /* DocumentViewController.swift */; };
		682AB6E42276BA9B0063000D /* Document.swift in Sources */ = {isa = PBXBuildFile; fileRef = 682AB6E32276BA9B0063000D /* Document.swift */; };
		682AB6E72276BA9B0063000D /* Main.storyboard in Resources */ = {isa = PBXBuildFile; fileRef = 682AB6E52276BA9B0063000D /* Main.storyboard */; };
		682AB6E92276BA9C0063000D /* Assets.xcassets in Resources */ = {isa = PBXBuildFile; fileRef = 682AB6E82276BA9C0063000D /* Assets.xcassets */; };
		682AB6EC2276BA9C0063000D /* LaunchScreen.storyboard in Resources */ = {isa = PBXBuildFile; fileRef = 682AB6EA2276BA9C0063000D /* LaunchScreen.storyboard */; };
		682AB6F72276BA9D0063000D /* File_ExplorerTests.swift in Sources */ = {isa = PBXBuildFile; fileRef = 682AB6F62276BA9D0063000D /* File_ExplorerTests.swift */; };
		682AB7022276BA9D0063000D /* File_ExplorerUITests.swift in Sources */ = {isa = PBXBuildFile; fileRef = 682AB7012276BA9D0063000D /* File_ExplorerUITests.swift */; };
		682AB7102276C7240063000D /* File.swift in Sources */ = {isa = PBXBuildFile; fileRef = 682AB70F2276C7240063000D /* File.swift */; };
		682AB7122276EF5D0063000D /* SwiftWebSocket in Resources */ = {isa = PBXBuildFile; fileRef = 682AB7112276EF5D0063000D /* SwiftWebSocket */; };
		68B108822279F22F0080E01E /* Folder.swift in Sources */ = {isa = PBXBuildFile; fileRef = 68B108812279F22F0080E01E /* Folder.swift */; };
/* End PBXBuildFile section */

/* Begin PBXContainerItemProxy section */
		682AB6F32276BA9D0063000D /* PBXContainerItemProxy */ = {
			isa = PBXContainerItemProxy;
			containerPortal = 682AB6D22276BA9B0063000D /* Project object */;
			proxyType = 1;
			remoteGlobalIDString = 682AB6D92276BA9B0063000D;
			remoteInfo = "File Explorer";
		};
		682AB6FE2276BA9D0063000D /* PBXContainerItemProxy */ = {
			isa = PBXContainerItemProxy;
			containerPortal = 682AB6D22276BA9B0063000D /* Project object */;
			proxyType = 1;
			remoteGlobalIDString = 682AB6D92276BA9B0063000D;
			remoteInfo = "File Explorer";
		};
/* End PBXContainerItemProxy section */

/* Begin PBXFileReference section */
		682AB6DA2276BA9B0063000D /* File Explorer.app */ = {isa = PBXFileReference; explicitFileType = wrapper.application; includeInIndex = 0; path = "File Explorer.app"; sourceTree = BUILT_PRODUCTS_DIR; };
		682AB6DD2276BA9B0063000D /* AppDelegate.swift */ = {isa = PBXFileReference; lastKnownFileType = sourcecode.swift; path = AppDelegate.swift; sourceTree = "<group>"; };
		682AB6DF2276BA9B0063000D /* DocumentBrowserViewController.swift */ = {isa = PBXFileReference; lastKnownFileType = sourcecode.swift; path = DocumentBrowserViewController.swift; sourceTree = "<group>"; };
		682AB6E12276BA9B0063000D /* DocumentViewController.swift */ = {isa = PBXFileReference; lastKnownFileType = sourcecode.swift; path = DocumentViewController.swift; sourceTree = "<group>"; };
		682AB6E32276BA9B0063000D /* Document.swift */ = {isa = PBXFileReference; lastKnownFileType = sourcecode.swift; path = Document.swift; sourceTree = "<group>"; };
		682AB6E62276BA9B0063000D /* Base */ = {isa = PBXFileReference; lastKnownFileType = file.storyboard; name = Base; path = Base.lproj/Main.storyboard; sourceTree = "<group>"; };
		682AB6E82276BA9C0063000D /* Assets.xcassets */ = {isa = PBXFileReference; lastKnownFileType = folder.assetcatalog; path = Assets.xcassets; sourceTree = "<group>"; };
		682AB6EB2276BA9C0063000D /* Base */ = {isa = PBXFileReference; lastKnownFileType = file.storyboard; name = Base; path = Base.lproj/LaunchScreen.storyboard; sourceTree = "<group>"; };
		682AB6ED2276BA9C0063000D /* Info.plist */ = {isa = PBXFileReference; lastKnownFileType = text.plist.xml; path = Info.plist; sourceTree = "<group>"; };
		682AB6F22276BA9D0063000D /* File ExplorerTests.xctest */ = {isa = PBXFileReference; explicitFileType = wrapper.cfbundle; includeInIndex = 0; path = "File ExplorerTests.xctest"; sourceTree = BUILT_PRODUCTS_DIR; };
		682AB6F62276BA9D0063000D /* File_ExplorerTests.swift */ = {isa = PBXFileReference; lastKnownFileType = sourcecode.swift; path = File_ExplorerTests.swift; sourceTree = "<group>"; };
		682AB6F82276BA9D0063000D /* Info.plist */ = {isa = PBXFileReference; lastKnownFileType = text.plist.xml; path = Info.plist; sourceTree = "<group>"; };
		682AB6FD2276BA9D0063000D /* File ExplorerUITests.xctest */ = {isa = PBXFileReference; explicitFileType = wrapper.cfbundle; includeInIndex = 0; path = "File ExplorerUITests.xctest"; sourceTree = BUILT_PRODUCTS_DIR; };
		682AB7012276BA9D0063000D /* File_ExplorerUITests.swift */ = {isa = PBXFileReference; lastKnownFileType = sourcecode.swift; path = File_ExplorerUITests.swift; sourceTree = "<group>"; };
		682AB7032276BA9D0063000D /* Info.plist */ = {isa = PBXFileReference; lastKnownFileType = text.plist.xml; path = Info.plist; sourceTree = "<group>"; };
		682AB70F2276C7240063000D /* File.swift */ = {isa = PBXFileReference; lastKnownFileType = sourcecode.swift; path = File.swift; sourceTree = "<group>"; };
		682AB7112276EF5D0063000D /* SwiftWebSocket */ = {isa = PBXFileReference; lastKnownFileType = folder; path = SwiftWebSocket; sourceTree = "<group>"; };
		68B108812279F22F0080E01E /* Folder.swift */ = {isa = PBXFileReference; lastKnownFileType = sourcecode.swift; path = Folder.swift; sourceTree = "<group>"; };
/* End PBXFileReference section */

/* Begin PBXFrameworksBuildPhase section */
		682AB6D72276BA9B0063000D /* Frameworks */ = {
			isa = PBXFrameworksBuildPhase;
			buildActionMask = 2147483647;
			files = (
			);
			runOnlyForDeploymentPostprocessing = 0;
		};
		682AB6EF2276BA9C0063000D /* Frameworks */ = {
			isa = PBXFrameworksBuildPhase;
			buildActionMask = 2147483647;
			files = (
			);
			runOnlyForDeploymentPostprocessing = 0;
		};
		682AB6FA2276BA9D0063000D /* Frameworks */ = {
			isa = PBXFrameworksBuildPhase;
			buildActionMask = 2147483647;
			files = (
			);
			runOnlyForDeploymentPostprocessing = 0;
		};
/* End PBXFrameworksBuildPhase section */

/* Begin PBXGroup section */
		682AB6D12276BA9B0063000D = {
			isa = PBXGroup;
			children = (
				682AB6DC2276BA9B0063000D /* File Explorer */,
				682AB6F52276BA9D0063000D /* File ExplorerTests */,
				682AB7002276BA9D0063000D /* File ExplorerUITests */,
				682AB6DB2276BA9B0063000D /* Products */,
			);
			sourceTree = "<group>";
		};
		682AB6DB2276BA9B0063000D /* Products */ = {
			isa = PBXGroup;
			children = (
				682AB6DA2276BA9B0063000D /* File Explorer.app */,
				682AB6F22276BA9D0063000D /* File ExplorerTests.xctest */,
				682AB6FD2276BA9D0063000D /* File ExplorerUITests.xctest */,
			);
			name = Products;
			sourceTree = "<group>";
		};
		682AB6DC2276BA9B0063000D /* File Explorer */ = {
			isa = PBXGroup;
			children = (
				682AB7112276EF5D0063000D /* SwiftWebSocket */,
				682AB6DD2276BA9B0063000D /* AppDelegate.swift */,
				682AB70F2276C7240063000D /* File.swift */,
				682AB6DF2276BA9B0063000D /* DocumentBrowserViewController.swift */,
				682AB6E12276BA9B0063000D /* DocumentViewController.swift */,
				682AB6E32276BA9B0063000D /* Document.swift */,
				682AB6E52276BA9B0063000D /* Main.storyboard */,
				682AB6E82276BA9C0063000D /* Assets.xcassets */,
				682AB6EA2276BA9C0063000D /* LaunchScreen.storyboard */,
				682AB6ED2276BA9C0063000D /* Info.plist */,
				68B108812279F22F0080E01E /* Folder.swift */,
			);
			path = "File Explorer";
			sourceTree = "<group>";
		};
		682AB6F52276BA9D0063000D /* File ExplorerTests */ = {
			isa = PBXGroup;
			children = (
				682AB6F62276BA9D0063000D /* File_ExplorerTests.swift */,
				682AB6F82276BA9D0063000D /* Info.plist */,
			);
			path = "File ExplorerTests";
			sourceTree = "<group>";
		};
		682AB7002276BA9D0063000D /* File ExplorerUITests */ = {
			isa = PBXGroup;
			children = (
				682AB7012276BA9D0063000D /* File_ExplorerUITests.swift */,
				682AB7032276BA9D0063000D /* Info.plist */,
			);
			path = "File ExplorerUITests";
			sourceTree = "<group>";
		};
/* End PBXGroup section */

/* Begin PBXNativeTarget section */
		682AB6D92276BA9B0063000D /* File Explorer */ = {
			isa = PBXNativeTarget;
			buildConfigurationList = 682AB7062276BA9D0063000D /* Build configuration list for PBXNativeTarget "File Explorer" */;
			buildPhases = (
				682AB6D62276BA9B0063000D /* Sources */,
				682AB6D72276BA9B0063000D /* Frameworks */,
				682AB6D82276BA9B0063000D /* Resources */,
			);
			buildRules = (
			);
			dependencies = (
			);
			name = "File Explorer";
			productName = "File Explorer";
			productReference = 682AB6DA2276BA9B0063000D /* File Explorer.app */;
			productType = "com.apple.product-type.application";
		};
		682AB6F12276BA9C0063000D /* File ExplorerTests */ = {
			isa = PBXNativeTarget;
			buildConfigurationList = 682AB7092276BA9D0063000D /* Build configuration list for PBXNativeTarget "File ExplorerTests" */;
			buildPhases = (
				682AB6EE2276BA9C0063000D /* Sources */,
				682AB6EF2276BA9C0063000D /* Frameworks */,
				682AB6F02276BA9C0063000D /* Resources */,
			);
			buildRules = (
			);
			dependencies = (
				682AB6F42276BA9D0063000D /* PBXTargetDependency */,
			);
			name = "File ExplorerTests";
			productName = "File ExplorerTests";
			productReference = 682AB6F22276BA9D0063000D /* File ExplorerTests.xctest */;
			productType = "com.apple.product-type.bundle.unit-test";
		};
		682AB6FC2276BA9D0063000D /* File ExplorerUITests */ = {
			isa = PBXNativeTarget;
			buildConfigurationList = 682AB70C2276BA9D0063000D /* Build configuration list for PBXNativeTarget "File ExplorerUITests" */;
			buildPhases = (
				682AB6F92276BA9D0063000D /* Sources */,
				682AB6FA2276BA9D0063000D /* Frameworks */,
				682AB6FB2276BA9D0063000D /* Resources */,
			);
			buildRules = (
			);
			dependencies = (
				682AB6FF2276BA9D0063000D /* PBXTargetDependency */,
			);
			name = "File ExplorerUITests";
			productName = "File ExplorerUITests";
			productReference = 682AB6FD2276BA9D0063000D /* File ExplorerUITests.xctest */;
			productType = "com.apple.product-type.bundle.ui-testing";
		};
/* End PBXNativeTarget section */

/* Begin PBXProject section */
		682AB6D22276BA9B0063000D /* Project object */ = {
			isa = PBXProject;
			attributes = {
				LastSwiftUpdateCheck = 1020;
				LastUpgradeCheck = 1020;
				ORGANIZATIONNAME = "Shemar Henry";
				TargetAttributes = {
					682AB6D92276BA9B0063000D = {
						CreatedOnToolsVersion = 10.2.1;
					};
					682AB6F12276BA9C0063000D = {
						CreatedOnToolsVersion = 10.2.1;
						TestTargetID = 682AB6D92276BA9B0063000D;
					};
					682AB6FC2276BA9D0063000D = {
						CreatedOnToolsVersion = 10.2.1;
						TestTargetID = 682AB6D92276BA9B0063000D;
					};
				};
			};
			buildConfigurationList = 682AB6D52276BA9B0063000D /* Build configuration list for PBXProject "File Explorer" */;
			compatibilityVersion = "Xcode 9.3";
			developmentRegion = en;
			hasScannedForEncodings = 0;
			knownRegions = (
				en,
				Base,
			);
			mainGroup = 682AB6D12276BA9B0063000D;
			productRefGroup = 682AB6DB2276BA9B0063000D /* Products */;
			projectDirPath = "";
			projectRoot = "";
			targets = (
				682AB6D92276BA9B0063000D /* File Explorer */,
				682AB6F12276BA9C0063000D /* File ExplorerTests */,
				682AB6FC2276BA9D0063000D /* File ExplorerUITests */,
			);
		};
/* End PBXProject section */

/* Begin PBXResourcesBuildPhase section */
		682AB6D82276BA9B0063000D /* Resources */ = {
			isa = PBXResourcesBuildPhase;
			buildActionMask = 2147483647;
			files = (
				682AB6EC2276BA9C0063000D /* LaunchScreen.storyboard in Resources */,
				682AB6E92276BA9C0063000D /* Assets.xcassets in Resources */,
				682AB7122276EF5D0063000D /* SwiftWebSocket in Resources */,
				682AB6E72276BA9B0063000D /* Main.storyboard in Resources */,
			);
			runOnlyForDeploymentPostprocessing = 0;
		};
		682AB6F02276BA9C0063000D /* Resources */ = {
			isa = PBXResourcesBuildPhase;
			buildActionMask = 2147483647;
			files = (
			);
			runOnlyForDeploymentPostprocessing = 0;
		};
		682AB6FB2276BA9D0063000D /* Resources */ = {
			isa = PBXResourcesBuildPhase;
			buildActionMask = 2147483647;
			files = (
			);
			runOnlyForDeploymentPostprocessing = 0;
		};
/* End PBXResourcesBuildPhase section */

/* Begin PBXSourcesBuildPhase section */
		682AB6D62276BA9B0063000D /* Sources */ = {
			isa = PBXSourcesBuildPhase;
			buildActionMask = 2147483647;
			files = (
				682AB7102276C7240063000D /* File.swift in Sources */,
				682AB6E42276BA9B0063000D /* Document.swift in Sources */,
				682AB6E22276BA9B0063000D /* DocumentViewController.swift in Sources */,
				682AB6E02276BA9B0063000D /* DocumentBrowserViewController.swift in Sources */,
				682AB6DE2276BA9B0063000D /* AppDelegate.swift in Sources */,
				68B108822279F22F0080E01E /* Folder.swift in Sources */,
			);
			runOnlyForDeploymentPostprocessing = 0;
		};
		682AB6EE2276BA9C0063000D /* Sources */ = {
			isa = PBXSourcesBuildPhase;
			buildActionMask = 2147483647;
			files = (
				682AB6F72276BA9D0063000D /* File_ExplorerTests.swift in Sources */,
			);
			runOnlyForDeploymentPostprocessing = 0;
		};
		682AB6F92276BA9D0063000D /* Sources */ = {
			isa = PBXSourcesBuildPhase;
			buildActionMask = 2147483647;
			files = (
				682AB7022276BA9D0063000D /* File_ExplorerUITests.swift in Sources */,
			);
			runOnlyForDeploymentPostprocessing = 0;
		};
/* End PBXSourcesBuildPhase section */

/* Begin PBXTargetDependency section */
		682AB6F42276BA9D0063000D /* PBXTargetDependency */ = {
			isa = PBXTargetDependency;
			target = 682AB6D92276BA9B0063000D /* File Explorer */;
			targetProxy = 682AB6F32276BA9D0063000D /* PBXContainerItemProxy */;
		};
		682AB6FF2276BA9D0063000D /* PBXTargetDependency */ = {
			isa = PBXTargetDependency;
			target = 682AB6D92276BA9B0063000D /* File Explorer */;
			targetProxy = 682AB6FE2276BA9D0063000D /* PBXContainerItemProxy */;
		};
/* End PBXTargetDependency section */

/* Begin PBXVariantGroup section */
		682AB6E52276BA9B0063000D /* Main.storyboard */ = {
			isa = PBXVariantGroup;
			children = (
				682AB6E62276BA9B0063000D /* Base */,
			);
			name = Main.storyboard;
			sourceTree = "<group>";
		};
		682AB6EA2276BA9C0063000D /* LaunchScreen.storyboard */ = {
			isa = PBXVariantGroup;
			children = (
				682AB6EB2276BA9C0063000D /* Base */,
			);
			name = LaunchScreen.storyboard;
			sourceTree = "<group>";
		};
/* End PBXVariantGroup section */

/* Begin XCBuildConfiguration section */
		682AB7042276BA9D0063000D /* Debug */ = {
			isa = XCBuildConfiguration;
			buildSettings = {
				ALWAYS_SEARCH_USER_PATHS = NO;
				CLANG_ANALYZER_NONNULL = YES;
				CLANG_ANALYZER_NUMBER_OBJECT_CONVERSION = YES_AGGRESSIVE;
				CLANG_CXX_LANGUAGE_STANDARD = "gnu++14";
				CLANG_CXX_LIBRARY = "libc++";
				CLANG_ENABLE_MODULES = YES;
				CLANG_ENABLE_OBJC_ARC = YES;
				CLANG_ENABLE_OBJC_WEAK = YES;
				CLANG_WARN_BLOCK_CAPTURE_AUTORELEASING = YES;
				CLANG_WARN_BOOL_CONVERSION = YES;
				CLANG_WARN_COMMA = YES;
				CLANG_WARN_CONSTANT_CONVERSION = YES;
				CLANG_WARN_DEPRECATED_OBJC_IMPLEMENTATIONS = YES;
				CLANG_WARN_DIRECT_OBJC_ISA_USAGE = YES_ERROR;
				CLANG_WARN_DOCUMENTATION_COMMENTS = YES;
				CLANG_WARN_EMPTY_BODY = YES;
				CLANG_WARN_ENUM_CONVERSION = YES;
				CLANG_WARN_INFINITE_RECURSION = YES;
				CLANG_WARN_INT_CONVERSION = YES;
				CLANG_WARN_NON_LITERAL_NULL_CONVERSION = YES;
				CLANG_WARN_OBJC_IMPLICIT_RETAIN_SELF = YES;
				CLANG_WARN_OBJC_LITERAL_CONVERSION = YES;
				CLANG_WARN_OBJC_ROOT_CLASS = YES_ERROR;
				CLANG_WARN_RANGE_LOOP_ANALYSIS = YES;
				CLANG_WARN_STRICT_PROTOTYPES = YES;
				CLANG_WARN_SUSPICIOUS_MOVE = YES;
				CLANG_WARN_UNGUARDED_AVAILABILITY = YES_AGGRESSIVE;
				CLANG_WARN_UNREACHABLE_CODE = YES;
				CLANG_WARN__DUPLICATE_METHOD_MATCH = YES;
				CODE_SIGN_IDENTITY = "iPhone Developer";
				COPY_PHASE_STRIP = NO;
				DEBUG_INFORMATION_FORMAT = dwarf;
				ENABLE_STRICT_OBJC_MSGSEND = YES;
				ENABLE_TESTABILITY = YES;
				GCC_C_LANGUAGE_STANDARD = gnu11;
				GCC_DYNAMIC_NO_PIC = NO;
				GCC_NO_COMMON_BLOCKS = YES;
				GCC_OPTIMIZATION_LEVEL = 0;
				GCC_PREPROCESSOR_DEFINITIONS = (
					"DEBUG=1",
					"$(inherited)",
				);
				GCC_WARN_64_TO_32_BIT_CONVERSION = YES;
				GCC_WARN_ABOUT_RETURN_TYPE = YES_ERROR;
				GCC_WARN_UNDECLARED_SELECTOR = YES;
				GCC_WARN_UNINITIALIZED_AUTOS = YES_AGGRESSIVE;
				GCC_WARN_UNUSED_FUNCTION = YES;
				GCC_WARN_UNUSED_VARIABLE = YES;
				IPHONEOS_DEPLOYMENT_TARGET = 12.2;
				MTL_ENABLE_DEBUG_INFO = INCLUDE_SOURCE;
				MTL_FAST_MATH = YES;
				ONLY_ACTIVE_ARCH = YES;
				SDKROOT = iphoneos;
				SWIFT_ACTIVE_COMPILATION_CONDITIONS = DEBUG;
				SWIFT_OPTIMIZATION_LEVEL = "-Onone";
			};
			name = Debug;
		};
		682AB7052276BA9D0063000D /* Release */ = {
			isa = XCBuildConfiguration;
			buildSettings = {
				ALWAYS_SEARCH_USER_PATHS = NO;
				CLANG_ANALYZER_NONNULL = YES;
				CLANG_ANALYZER_NUMBER_OBJECT_CONVERSION = YES_AGGRESSIVE;
				CLANG_CXX_LANGUAGE_STANDARD = "gnu++14";
				CLANG_CXX_LIBRARY = "libc++";
				CLANG_ENABLE_MODULES = YES;
				CLANG_ENABLE_OBJC_ARC = YES;
				CLANG_ENABLE_OBJC_WEAK = YES;
				CLANG_WARN_BLOCK_CAPTURE_AUTORELEASING = YES;
				CLANG_WARN_BOOL_CONVERSION = YES;
				CLANG_WARN_COMMA = YES;
				CLANG_WARN_CONSTANT_CONVERSION = YES;
				CLANG_WARN_DEPRECATED_OBJC_IMPLEMENTATIONS = YES;
				CLANG_WARN_DIRECT_OBJC_ISA_USAGE = YES_ERROR;
				CLANG_WARN_DOCUMENTATION_COMMENTS = YES;
				CLANG_WARN_EMPTY_BODY = YES;
				CLANG_WARN_ENUM_CONVERSION = YES;
				CLANG_WARN_INFINITE_RECURSION = YES;
				CLANG_WARN_INT_CONVERSION = YES;
				CLANG_WARN_NON_LITERAL_NULL_CONVERSION = YES;
				CLANG_WARN_OBJC_IMPLICIT_RETAIN_SELF = YES;
				CLANG_WARN_OBJC_LITERAL_CONVERSION = YES;
				CLANG_WARN_OBJC_ROOT_CLASS = YES_ERROR;
				CLANG_WARN_RANGE_LOOP_ANALYSIS = YES;
				CLANG_WARN_STRICT_PROTOTYPES = YES;
				CLANG_WARN_SUSPICIOUS_MOVE = YES;
				CLANG_WARN_UNGUARDED_AVAILABILITY = YES_AGGRESSIVE;
				CLANG_WARN_UNREACHABLE_CODE = YES;
				CLANG_WARN__DUPLICATE_METHOD_MATCH = YES;
				CODE_SIGN_IDENTITY = "iPhone Developer";
				COPY_PHASE_STRIP = NO;
				DEBUG_INFORMATION_FORMAT = "dwarf-with-dsym";
				ENABLE_NS_ASSERTIONS = NO;
				ENABLE_STRICT_OBJC_MSGSEND = YES;
				GCC_C_LANGUAGE_STANDARD = gnu11;
				GCC_NO_COMMON_BLOCKS = YES;
				GCC_WARN_64_TO_32_BIT_CONVERSION = YES;
				GCC_WARN_ABOUT_RETURN_TYPE = YES_ERROR;
				GCC_WARN_UNDECLARED_SELECTOR = YES;
				GCC_WARN_UNINITIALIZED_AUTOS = YES_AGGRESSIVE;
				GCC_WARN_UNUSED_FUNCTION = YES;
				GCC_WARN_UNUSED_VARIABLE = YES;
				IPHONEOS_DEPLOYMENT_TARGET = 12.2;
				MTL_ENABLE_DEBUG_INFO = NO;
				MTL_FAST_MATH = YES;
				SDKROOT = iphoneos;
				SWIFT_COMPILATION_MODE = wholemodule;
				SWIFT_OPTIMIZATION_LEVEL = "-O";
				VALIDATE_PRODUCT = YES;
			};
			name = Release;
		};
		682AB7072276BA9D0063000D /* Debug */ = {
			isa = XCBuildConfiguration;
			buildSettings = {
				ASSETCATALOG_COMPILER_APPICON_NAME = AppIcon;
				CODE_SIGN_STYLE = Automatic;
				DEVELOPMENT_TEAM = K8TTXQV53V;
				INFOPLIST_FILE = "File Explorer/Info.plist";
				LD_RUNPATH_SEARCH_PATHS = (
					"$(inherited)",
					"@executable_path/Frameworks",
				);
				PRODUCT_BUNDLE_IDENTIFIER = "puresoul.nutech.File-Explorer";
				PRODUCT_NAME = "$(TARGET_NAME)";
				SWIFT_VERSION = 5.0;
				TARGETED_DEVICE_FAMILY = "1,2";
			};
			name = Debug;
		};
		682AB7082276BA9D0063000D /* Release */ = {
			isa = XCBuildConfiguration;
			buildSettings = {
				ASSETCATALOG_COMPILER_APPICON_NAME = AppIcon;
				CODE_SIGN_STYLE = Automatic;
				DEVELOPMENT_TEAM = K8TTXQV53V;
				INFOPLIST_FILE = "File Explorer/Info.plist";
				LD_RUNPATH_SEARCH_PATHS = (
					"$(inherited)",
					"@executable_path/Frameworks",
				);
				PRODUCT_BUNDLE_IDENTIFIER = "puresoul.nutech.File-Explorer";
				PRODUCT_NAME = "$(TARGET_NAME)";
				SWIFT_VERSION = 5.0;
				TARGETED_DEVICE_FAMILY = "1,2";
			};
			name = Release;
		};
		682AB70A2276BA9D0063000D /* Debug */ = {
			isa = XCBuildConfiguration;
			buildSettings = {
				ALWAYS_EMBED_SWIFT_STANDARD_LIBRARIES = YES;
				BUNDLE_LOADER = "$(TEST_HOST)";
				CODE_SIGN_STYLE = Automatic;
				INFOPLIST_FILE = "File ExplorerTests/Info.plist";
				LD_RUNPATH_SEARCH_PATHS = (
					"$(inherited)",
					"@executable_path/Frameworks",
					"@loader_path/Frameworks",
				);
				PRODUCT_BUNDLE_IDENTIFIER = "puresoul.nutech.File-ExplorerTests";
				PRODUCT_NAME = "$(TARGET_NAME)";
				SWIFT_VERSION = 5.0;
				TARGETED_DEVICE_FAMILY = "1,2";
				TEST_HOST = "$(BUILT_PRODUCTS_DIR)/File Explorer.app/File Explorer";
			};
			name = Debug;
		};
		682AB70B2276BA9D0063000D /* Release */ = {
			isa = XCBuildConfiguration;
			buildSettings = {
				ALWAYS_EMBED_SWIFT_STANDARD_LIBRARIES = YES;
				BUNDLE_LOADER = "$(TEST_HOST)";
				CODE_SIGN_STYLE = Automatic;
				INFOPLIST_FILE = "File ExplorerTests/Info.plist";
				LD_RUNPATH_SEARCH_PATHS = (
					"$(inherited)",
					"@executable_path/Frameworks",
					"@loader_path/Frameworks",
				);
				PRODUCT_BUNDLE_IDENTIFIER = "puresoul.nutech.File-ExplorerTests";
				PRODUCT_NAME = "$(TARGET_NAME)";
				SWIFT_VERSION = 5.0;
				TARGETED_DEVICE_FAMILY = "1,2";
				TEST_HOST = "$(BUILT_PRODUCTS_DIR)/File Explorer.app/File Explorer";
			};
			name = Release;
		};
		682AB70D2276BA9D0063000D /* Debug */ = {
			isa = XCBuildConfiguration;
			buildSettings = {
				ALWAYS_EMBED_SWIFT_STANDARD_LIBRARIES = YES;
				CODE_SIGN_STYLE = Automatic;
				INFOPLIST_FILE = "File ExplorerUITests/Info.plist";
				LD_RUNPATH_SEARCH_PATHS = (
					"$(inherited)",
					"@executable_path/Frameworks",
					"@loader_path/Frameworks",
				);
				PRODUCT_BUNDLE_IDENTIFIER = "puresoul.nutech.File-ExplorerUITests";
				PRODUCT_NAME = "$(TARGET_NAME)";
				SWIFT_VERSION = 5.0;
				TARGETED_DEVICE_FAMILY = "1,2";
				TEST_TARGET_NAME = "File Explorer";
			};
			name = Debug;
		};
		682AB70E2276BA9D0063000D /* Release */ = {
			isa = XCBuildConfiguration;
			buildSettings = {
				ALWAYS_EMBED_SWIFT_STANDARD_LIBRARIES = YES;
				CODE_SIGN_STYLE = Automatic;
				INFOPLIST_FILE = "File ExplorerUITests/Info.plist";
				LD_RUNPATH_SEARCH_PATHS = (
					"$(inherited)",
					"@executable_path/Frameworks",
					"@loader_path/Frameworks",
				);
				PRODUCT_BUNDLE_IDENTIFIER = "puresoul.nutech.File-ExplorerUITests";
				PRODUCT_NAME = "$(TARGET_NAME)";
				SWIFT_VERSION = 5.0;
				TARGETED_DEVICE_FAMILY = "1,2";
				TEST_TARGET_NAME = "File Explorer";
			};
			name = Release;
		};
/* End XCBuildConfiguration section */

/* Begin XCConfigurationList section */
		682AB6D52276BA9B0063000D /* Build configuration list for PBXProject "File Explorer" */ = {
			isa = XCConfigurationList;
			buildConfigurations = (
				682AB7042276BA9D0063000D /* Debug */,
				682AB7052276BA9D0063000D /* Release */,
			);
			defaultConfigurationIsVisible = 0;
			defaultConfigurationName = Release;
		};
		682AB7062276BA9D0063000D /* Build configuration list for PBXNativeTarget "File Explorer" */ = {
			isa = XCConfigurationList;
			buildConfigurations = (
				682AB7072276BA9D0063000D /* Debug */,
				682AB7082276BA9D0063000D /* Release */,
			);
			defaultConfigurationIsVisible = 0;
			defaultConfigurationName = Release;
		};
		682AB7092276BA9D0063000D /* Build configuration list for PBXNativeTarget "File ExplorerTests" */ = {
			isa = XCConfigurationList;
			buildConfigurations = (
				682AB70A2276BA9D0063000D /* Debug */,
				682AB70B2276BA9D0063000D /* Release */,
			);
			defaultConfigurationIsVisible = 0;
			defaultConfigurationName = Release;
		};
		682AB70C2276BA9D0063000D /* Build configuration list for PBXNativeTarget "File ExplorerUITests" */ = {
			isa = XCConfigurationList;
			buildConfigurations = (
				682AB70D2276BA9D0063000D /* Debug */,
				682AB70E2276BA9D0063000D /* Release */,
			);
			defaultConfigurationIsVisible = 0;
			defaultConfigurationName = Release;
		};
/* End XCConfigurationList section */
	};
	rootObject = 682AB6D22276BA9B0063000D /* Project object */;
}
